# Generated by pub
# See https://dart.dev/tools/pub/glossary#lockfile
packages:
  _discoveryapis_commons:
    dependency: transitive
    description:
      name: _discoveryapis_commons
      sha256: "113c4100b90a5b70a983541782431b82168b3cae166ab130649c36eb3559d498"
      url: "https://pub.dev"
    source: hosted
    version: "1.0.7"
  _fe_analyzer_shared:
    dependency: transitive
    description:
      name: _fe_analyzer_shared
      sha256: c209688d9f5a5f26b2fb47a188131a6fb9e876ae9e47af3737c0b4f58a93470d
      url: "https://pub.dev"
    source: hosted
    version: "91.0.0"
  analyzer:
    dependency: transitive
    description:
      name: analyzer
      sha256: f51c8499b35f9b26820cfe914828a6a98a94efd5cc78b37bb7d03debae3a1d08
      url: "https://pub.dev"
    source: hosted
    version: "8.4.1"
  ansi_styles:
    dependency: transitive
    description:
      name: ansi_styles
      sha256: "9c656cc12b3c27b17dd982b2cc5c0cfdfbdabd7bc8f3ae5e8542d9867b47ce8a"
      url: "https://pub.dev"
    source: hosted
    version: "0.3.2+1"
  args:
    dependency: transitive
    description:
      name: args
      sha256: d0481093c50b1da8910eb0bb301626d4d8eb7284aa739614d2b394ee09e3ea04
      url: "https://pub.dev"
    source: hosted
    version: "2.7.0"
  asn1lib:
    dependency: transitive
    description:
      name: asn1lib
      sha256: "9a8f69025044eb466b9b60ef3bc3ac99b4dc6c158ae9c56d25eeccf5bc56d024"
      url: "https://pub.dev"
    source: hosted
    version: "1.6.5"
  async:
    dependency: transitive
    description:
      name: async
      sha256: "758e6d74e971c3e5aceb4110bfd6698efc7f501675bcfe0c775459a8140750eb"
      url: "https://pub.dev"
    source: hosted
    version: "2.13.0"
  boolean_selector:
    dependency: transitive
    description:
      name: boolean_selector
      sha256: "8aab1771e1243a5063b8b0ff68042d67334e3feab9e95b9490f9a6ebf73b42ea"
      url: "https://pub.dev"
    source: hosted
    version: "2.1.2"
  build:
    dependency: transitive
    description:
      name: build
      sha256: "275bf6bb2a00a9852c28d4e0b410da1d833a734d57d39d44f94bfc895a484ec3"
      url: "https://pub.dev"
    source: hosted
    version: "4.0.4"
  build_config:
    dependency: transitive
    description:
      name: build_config
      sha256: "4f64382b97504dc2fcdf487d5aae33418e08b4703fc21249e4db6d804a4d0187"
      url: "https://pub.dev"
    source: hosted
    version: "1.2.0"
  build_daemon:
    dependency: transitive
    description:
      name: build_daemon
      sha256: bf05f6e12cfea92d3c09308d7bcdab1906cd8a179b023269eed00c071004b957
      url: "https://pub.dev"
    source: hosted
    version: "4.1.1"
  build_runner:
    dependency: transitive
    description:
      name: build_runner
      sha256: "39ad4ca8a2876779737c60e4228b4bcd35d4352ef7e14e47514093edc012c734"
      url: "https://pub.dev"
    source: hosted
    version: "2.11.1"
  build_test:
    dependency: transitive
    description:
      name: build_test
      sha256: e40d3e6a968d1a0f6ae4c1774222f60877c806dd3ebf9ab7c00bf287a834a869
      url: "https://pub.dev"
    source: hosted
    version: "3.5.7"
  built_collection:
    dependency: transitive
    description:
      name: built_collection
      sha256: "376e3dd27b51ea877c28d525560790aee2e6fbb5f20e2f85d5081027d94e2100"
      url: "https://pub.dev"
    source: hosted
    version: "5.1.1"
  built_value:
    dependency: transitive
    description:
      name: built_value
      sha256: "7931c90b84bc573fef103548e354258ae4c9d28d140e41961df6843c5d60d4d8"
      url: "https://pub.dev"
    source: hosted
    version: "8.12.3"
  characters:
    dependency: transitive
    description:
      name: characters
      sha256: faf38497bda5ead2a8c7615f4f7939df04333478bf32e4173fcb06d428b5716b
      url: "https://pub.dev"
    source: hosted
    version: "1.4.1"
  charcode:
    dependency: transitive
    description:
      name: charcode
      sha256: fb0f1107cac15a5ea6ef0a6ef71a807b9e4267c713bb93e00e92d737cc8dbd8a
      url: "https://pub.dev"
    source: hosted
    version: "1.4.0"
  checked_yaml:
    dependency: transitive
    description:
      name: checked_yaml
      sha256: "959525d3162f249993882720d52b7e0c833978df229be20702b33d48d91de70f"
      url: "https://pub.dev"
    source: hosted
    version: "2.0.4"
  cli_config:
    dependency: transitive
    description:
      name: cli_config
      sha256: ac20a183a07002b700f0c25e61b7ee46b23c309d76ab7b7640a028f18e4d99ec
      url: "https://pub.dev"
    source: hosted
    version: "0.2.0"
  cli_launcher:
    dependency: transitive
    description:
      name: cli_launcher
      sha256: "17d2744fb9a254c49ec8eda582536abe714ea0131533e24389843a4256f82eac"
      url: "https://pub.dev"
    source: hosted
    version: "0.3.2+1"
  cli_util:
    dependency: transitive
    description:
      name: cli_util
      sha256: ff6785f7e9e3c38ac98b2fb035701789de90154024a75b6cb926445e83197d1c
      url: "https://pub.dev"
    source: hosted
    version: "0.4.2"
  clock:
    dependency: transitive
    description:
      name: clock
      sha256: fddb70d9b5277016c77a80201021d40a2247104d9f4aa7bab7157b7e3f05b84b
      url: "https://pub.dev"
    source: hosted
    version: "1.1.2"
  code_assets:
    dependency: transitive
    description:
      name: code_assets
      sha256: "83ccdaa064c980b5596c35dd64a8d3ecc68620174ab9b90b6343b753aa721687"
      url: "https://pub.dev"
    source: hosted
    version: "1.0.0"
  code_builder:
    dependency: transitive
    description:
      name: code_builder
      sha256: "6a6cab2ba4680d6423f34a9b972a4c9a94ebe1b62ecec4e1a1f2cba91fd1319d"
      url: "https://pub.dev"
    source: hosted
    version: "4.11.1"
  collection:
    dependency: transitive
    description:
      name: collection
      sha256: "2f5709ae4d3d59dd8f7cd309b4e023046b57d8a6c82130785d2b0e5868084e76"
      url: "https://pub.dev"
    source: hosted
    version: "1.19.1"
  conventional_commit:
    dependency: transitive
    description:
      name: conventional_commit
      sha256: c40b1b449ce2a63fa2ce852f35e3890b1e182f5951819934c0e4a66254bc0dc3
      url: "https://pub.dev"
    source: hosted
    version: "0.6.1+1"
  convert:
    dependency: transitive
    description:
      name: convert
      sha256: b30acd5944035672bc15c6b7a8b47d773e41e2f17de064350988c5d02adb1c68
      url: "https://pub.dev"
    source: hosted
    version: "3.1.2"
  copy_with_extension:
    dependency: transitive
    description:
      name: copy_with_extension
      sha256: "09cf9385a0032af3724fd0d44fd7663bee7484ae0bc71c9734165476d5fc6e72"
      url: "https://pub.dev"
    source: hosted
    version: "9.1.1"
  coverage:
    dependency: transitive
    description:
      name: coverage
      sha256: "5da775aa218eaf2151c721b16c01c7676fbfdd99cebba2bf64e8b807a28ff94d"
      url: "https://pub.dev"
    source: hosted
    version: "1.15.0"
  cross_file:
    dependency: transitive
    description:
      name: cross_file
      sha256: "28bb3ae56f117b5aec029d702a90f57d285cd975c3c5c281eaca38dbc47c5937"
      url: "https://pub.dev"
    source: hosted
    version: "0.3.5+2"
  crypto:
    dependency: transitive
    description:
      name: crypto
      sha256: c8ea0233063ba03258fbcf2ca4d6dadfefe14f02fab57702265467a19f27fadf
      url: "https://pub.dev"
    source: hosted
    version: "3.0.7"
  crypto_keys_plus:
    dependency: transitive
    description:
      name: crypto_keys_plus
      sha256: a64dc8b3555e730aa183067fbb666efd9996bc2d0cfda4517c77607d9e2adf91
      url: "https://pub.dev"
    source: hosted
    version: "0.5.0"
  csslib:
    dependency: transitive
    description:
      name: csslib
      sha256: "09bad715f418841f976c77db72d5398dc1253c21fb9c0c7f0b0b985860b2d58e"
      url: "https://pub.dev"
    source: hosted
    version: "1.0.2"
  dart_style:
    dependency: transitive
    description:
      name: dart_style
      sha256: a9c30492da18ff84efe2422ba2d319a89942d93e58eb0b73d32abe822ef54b7b
      url: "https://pub.dev"
    source: hosted
    version: "3.1.3"
  dbus:
    dependency: transitive
    description:
      name: dbus
      sha256: d0c98dcd4f5169878b6cf8f6e0a52403a9dff371a3e2f019697accbf6f44a270
      url: "https://pub.dev"
    source: hosted
    version: "0.7.12"
  drift:
    dependency: transitive
    description:
      name: drift
      sha256: "970cd188fddb111b26ea6a9b07a62bf5c2432d74147b8122c67044ae3b97e99e"
      url: "https://pub.dev"
    source: hosted
    version: "2.31.0"
  drift_dev:
    dependency: transitive
    description:
      name: drift_dev
      sha256: "917184b2fb867b70a548a83bf0d36268423b38d39968c06cce4905683da49587"
      url: "https://pub.dev"
    source: hosted
    version: "2.31.0"
  drift_flutter:
    dependency: transitive
    description:
      name: drift_flutter
      sha256: c07120854742a0cae2f7501a0da02493addde550db6641d284983c08762e60a7
      url: "https://pub.dev"
    source: hosted
    version: "0.2.8"
  excerpter:
    dependency: transitive
    description:
      path: "pkgs/excerpter"
      ref: HEAD
      resolved-ref: "9f69a576f6242b33b21c6b44cbf663de208243d2"
      url: "https://github.com/dart-lang/site-shared.git"
    source: git
    version: "0.1.0"
  fake_async:
    dependency: transitive
    description:
      name: fake_async
      sha256: "5368f224a74523e8d2e7399ea1638b37aecfca824a3cc4dfdf77bf1fa905ac44"
      url: "https://pub.dev"
    source: hosted
    version: "1.3.3"
  fast_rsa:
    dependency: transitive
    description:
      name: fast_rsa
      sha256: "3332ab9023288310ceaf990e4567e68adff6c2ef5cbe4a742866754016f0b943"
      url: "https://pub.dev"
    source: hosted
    version: "3.8.6"
  ffi:
    dependency: transitive
    description:
      name: ffi
      sha256: d07d37192dbf97461359c1518788f203b0c9102cfd2c35a716b823741219542c
      url: "https://pub.dev"
    source: hosted
    version: "2.1.5"
  file:
    dependency: transitive
    description:
      name: file
      sha256: a3b4f84adafef897088c160faf7dfffb7696046cb13ae90b508c2cbc95d3b8d4
      url: "https://pub.dev"
    source: hosted
    version: "7.0.1"
  file_picker:
    dependency: transitive
    description:
      name: file_picker
      sha256: "57d9a1dd5063f85fa3107fb42d1faffda52fdc948cefd5fe5ea85267a5fc7343"
      url: "https://pub.dev"
    source: hosted
    version: "10.3.10"
  fixnum:
    dependency: transitive
    description:
      name: fixnum
      sha256: b6dc7065e46c974bc7c5f143080a6764ec7a4be6da1285ececdc37be96de53be
      url: "https://pub.dev"
    source: hosted
    version: "1.1.1"
  flat_buffers:
    dependency: transitive
    description:
      name: flat_buffers
      sha256: "380bdcba5664a718bfd4ea20a45d39e13684f5318fcd8883066a55e21f37f4c3"
      url: "https://pub.dev"
    source: hosted
    version: "23.5.26"
  flutter:
    dependency: transitive
    description: flutter
    source: sdk
    version: "0.0.0"
  flutter_appauth:
    dependency: transitive
    description:
      name: flutter_appauth
      sha256: a989a17bb5089fbaff8c57b2d7ccbe031255ecda11a165da5ea1f349f008470d
      url: "https://pub.dev"
    source: hosted
    version: "10.0.0"
  flutter_appauth_platform_interface:
    dependency: transitive
    description:
      name: flutter_appauth_platform_interface
      sha256: "1bc3e9a3803840dfd4f1ffd1bfe06221f04f7e8a0a9d21524e220bc69df792f4"
      url: "https://pub.dev"
    source: hosted
    version: "10.0.0"
  flutter_chips_input:
    dependency: transitive
    description:
      name: flutter_chips_input
      sha256: "9828e45e75f268ff51a08e8d05848776b0a4d8327867d2b347a733030bafe64f"
      url: "https://pub.dev"
    source: hosted
    version: "2.0.0"
  flutter_lints:
    dependency: transitive
    description:
      name: flutter_lints
      sha256: "3105dc8492f6183fb076ccf1f351ac3d60564bff92e20bfc4af9cc1651f4e7e1"
      url: "https://pub.dev"
    source: hosted
    version: "6.0.0"
  flutter_localizations:
    dependency: transitive
    description: flutter
    source: sdk
    version: "0.0.0"
  flutter_plugin_android_lifecycle:
    dependency: transitive
    description:
      name: flutter_plugin_android_lifecycle
      sha256: ee8068e0e1cd16c4a82714119918efdeed33b3ba7772c54b5d094ab53f9b7fd1
      url: "https://pub.dev"
    source: hosted
    version: "2.0.33"
  flutter_test:
    dependency: transitive
    description: flutter
    source: sdk
    version: "0.0.0"
  flutter_web_plugins:
    dependency: transitive
    description: flutter
    source: sdk
    version: "0.0.0"
  frontend_server_client:
    dependency: transitive
    description:
      name: frontend_server_client
      sha256: f64a0333a82f30b0cca061bc3d143813a486dc086b574bfb233b7c1372427694
      url: "https://pub.dev"
    source: hosted
    version: "4.0.0"
  glob:
    dependency: transitive
    description:
      name: glob
      sha256: c3f1ee72c96f8f78935e18aa8cecced9ab132419e8625dc187e1c2408efc20de
      url: "https://pub.dev"
    source: hosted
    version: "2.1.3"
  google_identity_services_web:
    dependency: transitive
    description:
      name: google_identity_services_web
      sha256: "5d187c46dc59e02646e10fe82665fc3884a9b71bc1c90c2b8b749316d33ee454"
      url: "https://pub.dev"
    source: hosted
    version: "0.3.3+1"
  google_sign_in:
    dependency: transitive
    description:
      name: google_sign_in
      sha256: "521031b65853b4409b8213c0387d57edaad7e2a949ce6dea0d8b2afc9cb29763"
      url: "https://pub.dev"
    source: hosted
    version: "7.2.0"
  google_sign_in_android:
    dependency: transitive
    description:
      name: google_sign_in_android
      sha256: "5ec98ab35387c68c0050495bb211bd88375873723a80fae7c2e9266ea0bdd8bb"
      url: "https://pub.dev"
    source: hosted
    version: "7.2.7"
  google_sign_in_ios:
    dependency: transitive
    description:
      name: google_sign_in_ios
      sha256: "234fc2830b55d1bbeb7e05662967691f5994143ff43dc70d3f139d1bbb3b8fb2"
      url: "https://pub.dev"
    source: hosted
    version: "6.2.5"
  google_sign_in_platform_interface:
    dependency: transitive
    description:
      name: google_sign_in_platform_interface
      sha256: "7f59208c42b415a3cca203571128d6f84f885fead2d5b53eb65a9e27f2965bb5"
      url: "https://pub.dev"
    source: hosted
    version: "3.1.0"
  google_sign_in_web:
    dependency: transitive
    description:
      name: google_sign_in_web
      sha256: "2fc1f941e6443b2d6984f4056a727a3eaeab15d8ee99ba7125d79029be75a1da"
      url: "https://pub.dev"
    source: hosted
    version: "1.1.0"
  googleapis:
    dependency: transitive
    description:
      name: googleapis
      sha256: "62b5988f228b774448ebd99b53fe8069becb55840f1b28948bb84160373dc0b6"
      url: "https://pub.dev"
    source: hosted
    version: "16.0.0"
  graphs:
    dependency: transitive
    description:
      name: graphs
      sha256: "741bbf84165310a68ff28fe9e727332eef1407342fca52759cb21ad8177bb8d0"
      url: "https://pub.dev"
    source: hosted
    version: "2.3.2"
  hooks:
    dependency: transitive
    description:
      name: hooks
      sha256: "7a08a0d684cb3b8fb604b78455d5d352f502b68079f7b80b831c62220ab0a4f6"
      url: "https://pub.dev"
    source: hosted
    version: "1.0.1"
  html:
    dependency: transitive
    description:
      name: html
      sha256: "6d1264f2dffa1b1101c25a91dff0dc2daee4c18e87cd8538729773c073dbf602"
      url: "https://pub.dev"
    source: hosted
    version: "0.15.6"
  http:
    dependency: transitive
    description:
      name: http
      sha256: "87721a4a50b19c7f1d49001e51409bddc46303966ce89a65af4f4e6004896412"
      url: "https://pub.dev"
    source: hosted
    version: "1.6.0"
  http_multi_server:
    dependency: transitive
    description:
      name: http_multi_server
      sha256: aa6199f908078bb1c5efb8d8638d4ae191aac11b311132c3ef48ce352fb52ef8
      url: "https://pub.dev"
    source: hosted
    version: "3.2.2"
  http_parser:
    dependency: transitive
    description:
      name: http_parser
      sha256: "178d74305e7866013777bab2c3d8726205dc5a4dd935297175b19a23a2e66571"
      url: "https://pub.dev"
    source: hosted
    version: "4.1.2"
  idb_shim:
    dependency: transitive
    description:
      name: idb_shim
      sha256: adbcc954e0e072cf5bd1699431fc783b5e54e4b3db40667eb794708f7446ee6a
      url: "https://pub.dev"
    source: hosted
    version: "2.8.2+2"
  intl:
    dependency: transitive
    description:
      name: intl
      sha256: "3df61194eb431efc39c4ceba583b95633a403f46c9fd341e550ce0bfa50e9aa5"
      url: "https://pub.dev"
    source: hosted
    version: "0.20.2"
  io:
    dependency: transitive
    description:
      name: io
      sha256: dfd5a80599cf0165756e3181807ed3e77daf6dd4137caaad72d0b7931597650b
      url: "https://pub.dev"
    source: hosted
    version: "1.0.5"
  jose_plus:
    dependency: transitive
    description:
      name: jose_plus
      sha256: c262694c2f8e74825a70d0b7339c24a285fd8856f9b35b0848aa23fa1d26e724
      url: "https://pub.dev"
    source: hosted
    version: "0.4.7"
  json_annotation:
    dependency: transitive
    description:
      name: json_annotation
      sha256: "805fa86df56383000f640384b282ce0cb8431f1a7a2396de92fb66186d8c57df"
      url: "https://pub.dev"
    source: hosted
    version: "4.10.0"
  just_throttle_it:
    dependency: transitive
    description:
      name: just_throttle_it
      sha256: af2d0c1e5c7f4e0bef79a55edf3d74c180908253f89203467bc432730f5fac5b
      url: "https://pub.dev"
    source: hosted
    version: "3.0.1"
  leak_tracker:
    dependency: transitive
    description:
      name: leak_tracker
      sha256: "33e2e26bdd85a0112ec15400c8cbffea70d0f9c3407491f672a2fad47915e2de"
      url: "https://pub.dev"
    source: hosted
    version: "11.0.2"
  leak_tracker_flutter_testing:
    dependency: transitive
    description:
      name: leak_tracker_flutter_testing
      sha256: "1dbc140bb5a23c75ea9c4811222756104fbcd1a27173f0c34ca01e16bea473c1"
      url: "https://pub.dev"
    source: hosted
    version: "3.0.10"
  leak_tracker_testing:
    dependency: transitive
    description:
      name: leak_tracker_testing
      sha256: "8d5a2d49f4a66b49744b23b018848400d23e54caf9463f4eb20df3eb8acb2eb1"
      url: "https://pub.dev"
    source: hosted
    version: "3.0.2"
  lints:
    dependency: transitive
    description:
      name: lints
      sha256: "12f842a479589fea194fe5c5a3095abc7be0c1f2ddfa9a0e76aed1dbd26a87df"
      url: "https://pub.dev"
    source: hosted
    version: "6.1.0"
  locorda_rdf_canonicalization:
    dependency: transitive
    description:
      name: locorda_rdf_canonicalization
      sha256: ec45b548e3e604f61d3035e49c1cf3b7804e4bab02225359b7814a03778f5d16
      url: "https://pub.dev"
    source: hosted
    version: "0.11.8"
  locorda_rdf_core:
    dependency: transitive
    description:
      name: locorda_rdf_core
      sha256: daee70bf6d023c6724bde70e2182a27a597dbba5485967afd393ae660eff58e2
      url: "https://pub.dev"
    source: hosted
    version: "0.11.8"
  locorda_rdf_mapper:
    dependency: transitive
    description:
      name: locorda_rdf_mapper
      sha256: "8592f71e85dc6faffa72c9467b1aa8520e0c68114e4566b2c78c6d7d1069394d"
      url: "https://pub.dev"
    source: hosted
    version: "0.11.8"
  locorda_rdf_mapper_annotations:
    dependency: transitive
    description:
      name: locorda_rdf_mapper_annotations
      sha256: "8059f5b7caed65fd8d931087e09891ed20f4a7b8b7cf757001d45f9a8712389f"
      url: "https://pub.dev"
    source: hosted
    version: "0.11.8"
  locorda_rdf_mapper_generator:
    dependency: "direct overridden"
    description:
      name: locorda_rdf_mapper_generator
      sha256: c5d7ebf976a9af059c316b42687ba680d1f2e605b442ce7734fc6df4e7c79473
      url: "https://pub.dev"
    source: hosted
    version: "0.11.8"
  locorda_rdf_terms_common:
    dependency: transitive
    description:
      name: locorda_rdf_terms_common
      sha256: a2fb3dbb085e0a25ccb690411d96555d7200e88442024b46c4b2e4f48b4bc7b1
      url: "https://pub.dev"
    source: hosted
    version: "0.11.4"
  locorda_rdf_terms_core:
    dependency: transitive
    description:
      name: locorda_rdf_terms_core
      sha256: "51d9e44585ecb135a8ec1e03748e2fe036d1e919da0d0709b0862af1f1cbf7f4"
      url: "https://pub.dev"
    source: hosted
    version: "0.11.8"
  locorda_rdf_terms_generator:
    dependency: transitive
    description:
      name: locorda_rdf_terms_generator
      sha256: faa9c45cce5d94ccffdbb327afb7fadeed34eb2b3a30cb6669b2a0ba580a5fab
      url: "https://pub.dev"
    source: hosted
    version: "0.11.8"
  locorda_rdf_terms_schema:
    dependency: transitive
    description:
      name: locorda_rdf_terms_schema
      sha256: "33c282e566588a44861e7bbf7bb09a076f04561126c9df28d30a98d489ebec28"
      url: "https://pub.dev"
    source: hosted
    version: "0.11.4"
  locorda_rdf_xml:
    dependency: transitive
    description:
      name: locorda_rdf_xml
      sha256: e78555651656bcbe9314cba6bfbf2bc984a1d11ab1325910da29901c6720da19
      url: "https://pub.dev"
    source: hosted
    version: "0.11.8"
  logging:
    dependency: transitive
    description:
      name: logging
      sha256: c8245ada5f1717ed44271ed1c26b8ce85ca3228fd2ffdb75468ab01979309d61
      url: "https://pub.dev"
    source: hosted
    version: "1.3.0"
  matcher:
    dependency: transitive
    description:
      name: matcher
      sha256: "12956d0ad8390bbcc63ca2e1469c0619946ccb52809807067a7020d57e647aa6"
      url: "https://pub.dev"
    source: hosted
    version: "0.12.18"
  material_color_utilities:
    dependency: transitive
    description:
      name: material_color_utilities
      sha256: "9c337007e82b1889149c82ed242ed1cb24a66044e30979c44912381e9be4c48b"
      url: "https://pub.dev"
    source: hosted
    version: "0.13.0"
  melos:
    dependency: "direct dev"
    description:
      name: melos
      sha256: "7dcc4444d79b538ab8353bb38308f97e90b032984f75e8fd516fedfe8160b35e"
      url: "https://pub.dev"
    source: hosted
    version: "7.4.0"
  meta:
    dependency: transitive
    description:
      name: meta
      sha256: "23f08335362185a5ea2ad3a4e597f1375e78bce8a040df5c600c8d3552ef2394"
      url: "https://pub.dev"
    source: hosted
    version: "1.17.0"
  mime:
    dependency: transitive
    description:
      name: mime
      sha256: "41a20518f0cb1256669420fdba0cd90d21561e560ac240f26ef8322e45bb7ed6"
      url: "https://pub.dev"
    source: hosted
    version: "2.0.0"
  mustache_template:
    dependency: transitive
    description:
      name: mustache_template
      sha256: "4326d0002ff58c74b9486990ccbdab08157fca3c996fe9e197aff9d61badf307"
      url: "https://pub.dev"
    source: hosted
    version: "2.0.3"
  native_toolchain_c:
    dependency: transitive
    description:
      name: native_toolchain_c
      sha256: "89e83885ba09da5fdf2cdacc8002a712ca238c28b7f717910b34bcd27b0d03ac"
      url: "https://pub.dev"
    source: hosted
    version: "0.17.4"
  node_preamble:
    dependency: transitive
    description:
      name: node_preamble
      sha256: "6e7eac89047ab8a8d26cf16127b5ed26de65209847630400f9aefd7cd5c730db"
      url: "https://pub.dev"
    source: hosted
    version: "2.0.2"
  nonce:
    dependency: transitive
    description:
      name: nonce
      sha256: bd279f698c9f641a64375a17040bd899061e46bdb9aa65bf846838bd3b8b437f
      url: "https://pub.dev"
    source: hosted
    version: "1.2.0"
  objective_c:
    dependency: transitive
    description:
      name: objective_c
      sha256: "100a1c87616ab6ed41ec263b083c0ef3261ee6cd1dc3b0f35f8ddfa4f996fe52"
      url: "https://pub.dev"
    source: hosted
    version: "9.3.0"
  oidc:
    dependency: transitive
    description:
      name: oidc
      sha256: "5b05bd8a305e3d9329dae1c9b992978395182ac7a4ec41b3caa134a9773f468c"
      url: "https://pub.dev"
    source: hosted
    version: "0.13.0"
  oidc_android:
    dependency: transitive
    description:
      name: oidc_android
      sha256: e5dd07fdcee222be6ea0b9f6663bdc1a744074fd40e89f21a0f7d8e7c36301bd
      url: "https://pub.dev"
    source: hosted
    version: "0.8.0"
  oidc_core:
    dependency: transitive
    description:
      name: oidc_core
      sha256: b7c6d1bb4edd2f8fd68d4a9ac85e0a48e15fefc56fc22472ba297c0df2cdcb81
      url: "https://pub.dev"
    source: hosted
    version: "0.15.0"
  oidc_default_store:
    dependency: transitive
    description:
      name: oidc_default_store
      sha256: "165e8a4ffdd4f466f72797c02dc59f3a1da3bbfd44cade0e05ab0369e78a5430"
      url: "https://pub.dev"
    source: hosted
    version: "0.5.0"
  oidc_desktop:
    dependency: transitive
    description:
      name: oidc_desktop
      sha256: e593d6f1b49b9e15ca73c896c7bf3afb01ad0b7eef915d47948c1e0c69c3ee40
      url: "https://pub.dev"
    source: hosted
    version: "0.7.0"
  oidc_flutter_appauth:
    dependency: transitive
    description:
      name: oidc_flutter_appauth
      sha256: "29af964928763c0c3ce7890407f573182b868a85daa5f8f8eb0da0afd965c7be"
      url: "https://pub.dev"
    source: hosted
    version: "0.7.0"
  oidc_ios:
    dependency: transitive
    description:
      name: oidc_ios
      sha256: "8dd2509025251a432ba236ebc9dc53a1026bebe77e403beccfcd3743eb773b83"
      url: "https://pub.dev"
    source: hosted
    version: "0.8.0"
  oidc_linux:
    dependency: transitive
    description:
      name: oidc_linux
      sha256: "1aa4e66974267ed6d283b64650f32a1fe9e1e7770a7d6a4c1e95f43facb544f8"
      url: "https://pub.dev"
    source: hosted
    version: "0.5.0"
  oidc_loopback_listener:
    dependency: transitive
    description:
      name: oidc_loopback_listener
      sha256: "4c7a6ac26fee95390c25261729133c55fa55cf26b7a6d5a985c696dca5fd440b"
      url: "https://pub.dev"
    source: hosted
    version: "0.3.0"
  oidc_macos:
    dependency: transitive
    description:
      name: oidc_macos
      sha256: d0d7206de5b123d2250be7600d7c27dbec18357c5d31e06928ecb678fea52607
      url: "https://pub.dev"
    source: hosted
    version: "0.8.0"
  oidc_platform_interface:
    dependency: transitive
    description:
      name: oidc_platform_interface
      sha256: "9ae34b9d7fd663be32fb5043d1bb1bae18bef7e360229dd48813d9524a385350"
      url: "https://pub.dev"
    source: hosted
    version: "0.7.0"
  oidc_web:
    dependency: transitive
    description:
      name: oidc_web
      sha256: "1663ca57b519a0465805bdd58c6ed7dccd4e1fc3f0d8616359b80f609656869b"
      url: "https://pub.dev"
    source: hosted
    version: "0.7.0"
  oidc_web_core:
    dependency: transitive
    description:
      name: oidc_web_core
      sha256: "2ab80fb9136b0beea8da2746c4caa5c76c023b34003dace58b82ec9ecb168075"
      url: "https://pub.dev"
    source: hosted
    version: "0.4.0"
  oidc_windows:
    dependency: transitive
    description:
      name: oidc_windows
      sha256: "7db877aefbbffc4c4c17ba062c50668ff5e67620de5945f59abb00f180e9b2fd"
      url: "https://pub.dev"
    source: hosted
    version: "0.4.0"
  package_config:
    dependency: transitive
    description:
      name: package_config
      sha256: f096c55ebb7deb7e384101542bfba8c52696c1b56fca2eb62827989ef2353bbc
      url: "https://pub.dev"
    source: hosted
    version: "2.2.0"
  path:
    dependency: transitive
    description:
      name: path
      sha256: "75cca69d1490965be98c73ceaea117e8a04dd21217b37b292c9ddbec0d955bc5"
      url: "https://pub.dev"
    source: hosted
    version: "1.9.1"
  path_provider:
    dependency: transitive
    description:
      name: path_provider
      sha256: "50c5dd5b6e1aaf6fb3a78b33f6aa3afca52bf903a8a5298f53101fdaee55bbcd"
      url: "https://pub.dev"
    source: hosted
    version: "2.1.5"
  path_provider_android:
    dependency: transitive
    description:
      name: path_provider_android
      sha256: f2c65e21139ce2c3dad46922be8272bb5963516045659e71bb16e151c93b580e
      url: "https://pub.dev"
    source: hosted
    version: "2.2.22"
  path_provider_foundation:
    dependency: transitive
    description:
      name: path_provider_foundation
      sha256: "2a376b7d6392d80cd3705782d2caa734ca4727776db0b6ec36ef3f1855197699"
      url: "https://pub.dev"
    source: hosted
    version: "2.6.0"
  path_provider_linux:
    dependency: transitive
    description:
      name: path_provider_linux
      sha256: f7a1fe3a634fe7734c8d3f2766ad746ae2a2884abe22e241a8b301bf5cac3279
      url: "https://pub.dev"
    source: hosted
    version: "2.2.1"
  path_provider_platform_interface:
    dependency: transitive
    description:
      name: path_provider_platform_interface
      sha256: "88f5779f72ba699763fa3a3b06aa4bf6de76c8e5de842cf6f29e2e06476c2334"
      url: "https://pub.dev"
    source: hosted
    version: "2.1.2"
  path_provider_windows:
    dependency: transitive
    description:
      name: path_provider_windows
      sha256: bd6f00dbd873bfb70d0761682da2b3a2c2fccc2b9e84c495821639601d81afe7
      url: "https://pub.dev"
    source: hosted
    version: "2.3.0"
  petitparser:
    dependency: transitive
    description:
      name: petitparser
      sha256: "1a97266a94f7350d30ae522c0af07890c70b8e62c71e8e3920d1db4d23c057d1"
      url: "https://pub.dev"
    source: hosted
    version: "7.0.1"
  platform:
    dependency: transitive
    description:
      name: platform
      sha256: "5d6b1b0036a5f331ebc77c850ebc8506cbc1e9416c27e59b439f917a902a4984"
      url: "https://pub.dev"
    source: hosted
    version: "3.1.6"
  plugin_platform_interface:
    dependency: transitive
    description:
      name: plugin_platform_interface
      sha256: "4820fbfdb9478b1ebae27888254d445073732dae3d6ea81f0b7e06d5dedc3f02"
      url: "https://pub.dev"
    source: hosted
    version: "2.1.8"
  pointycastle:
    dependency: transitive
    description:
      name: pointycastle
      sha256: "92aa3841d083cc4b0f4709b5c74fd6409a3e6ba833ffc7dc6a8fee096366acf5"
      url: "https://pub.dev"
    source: hosted
    version: "4.0.0"
  pool:
    dependency: transitive
    description:
      name: pool
      sha256: "978783255c543aa3586a1b3c21f6e9d720eb315376a915872c61ef8b5c20177d"
      url: "https://pub.dev"
    source: hosted
    version: "1.5.2"
  process:
    dependency: transitive
    description:
      name: process
      sha256: c6248e4526673988586e8c00bb22a49210c258dc91df5227d5da9748ecf79744
      url: "https://pub.dev"
    source: hosted
    version: "5.0.5"
  prompts:
    dependency: transitive
    description:
      name: prompts
      sha256: "3773b845e85a849f01e793c4fc18a45d52d7783b4cb6c0569fad19f9d0a774a1"
      url: "https://pub.dev"
    source: hosted
    version: "2.0.0"
  pub_semver:
    dependency: transitive
    description:
      name: pub_semver
      sha256: "5bfcf68ca79ef689f8990d1160781b4bad40a3bd5e5218ad4076ddb7f4081585"
      url: "https://pub.dev"
    source: hosted
    version: "2.2.0"
  pub_updater:
    dependency: transitive
    description:
      name: pub_updater
      sha256: "739a0161d73a6974c0675b864fb0cf5147305f7b077b7f03a58fa7a9ab3e7e7d"
      url: "https://pub.dev"
    source: hosted
    version: "0.5.0"
  pubspec_parse:
    dependency: transitive
    description:
      name: pubspec_parse
      sha256: "0560ba233314abbed0a48a2956f7f022cce7c3e1e73df540277da7544cad4082"
      url: "https://pub.dev"
    source: hosted
    version: "1.5.0"
  recase:
    dependency: transitive
    description:
      name: recase
      sha256: e4eb4ec2dcdee52dcf99cb4ceabaffc631d7424ee55e56f280bc039737f89213
      url: "https://pub.dev"
    source: hosted
    version: "4.1.0"
  retry:
    dependency: transitive
    description:
      name: retry
      sha256: "822e118d5b3aafed083109c72d5f484c6dc66707885e07c0fbcb8b986bba7efc"
      url: "https://pub.dev"
    source: hosted
    version: "3.1.2"
  rxdart:
    dependency: transitive
    description:
      name: rxdart
      sha256: "5c3004a4a8dbb94bd4bf5412a4def4acdaa12e12f269737a5751369e12d1a962"
      url: "https://pub.dev"
    source: hosted
    version: "0.28.0"
  sembast:
    dependency: transitive
    description:
      name: sembast
      sha256: "139cf71496105de32e7a08a4e3a1ead0f81c4a616ec9703ed07e8f0d10cdd505"
      url: "https://pub.dev"
    source: hosted
    version: "3.8.6"
  sembast_web:
    dependency: transitive
    description:
      name: sembast_web
      sha256: "608263a0ee8afdd4ebcf0c0c6f9bd63d6aa47f0bb4950c96d929ab4959d1c516"
      url: "https://pub.dev"
    source: hosted
    version: "2.4.4"
  shared_preferences:
    dependency: transitive
    description:
      name: shared_preferences
      sha256: "2939ae520c9024cb197fc20dee269cd8cdbf564c8b5746374ec6cacdc5169e64"
      url: "https://pub.dev"
    source: hosted
    version: "2.5.4"
  shared_preferences_android:
    dependency: transitive
    description:
      name: shared_preferences_android
      sha256: cbc40be9be1c5af4dab4d6e0de4d5d3729e6f3d65b89d21e1815d57705644a6f
      url: "https://pub.dev"
    source: hosted
    version: "2.4.20"
  shared_preferences_foundation:
    dependency: transitive
    description:
      name: shared_preferences_foundation
      sha256: "4e7eaffc2b17ba398759f1151415869a34771ba11ebbccd1b0145472a619a64f"
      url: "https://pub.dev"
    source: hosted
    version: "2.5.6"
  shared_preferences_linux:
    dependency: transitive
    description:
      name: shared_preferences_linux
      sha256: "580abfd40f415611503cae30adf626e6656dfb2f0cee8f465ece7b6defb40f2f"
      url: "https://pub.dev"
    source: hosted
    version: "2.4.1"
  shared_preferences_platform_interface:
    dependency: transitive
    description:
      name: shared_preferences_platform_interface
      sha256: "57cbf196c486bc2cf1f02b85784932c6094376284b3ad5779d1b1c6c6a816b80"
      url: "https://pub.dev"
    source: hosted
    version: "2.4.1"
  shared_preferences_web:
    dependency: transitive
    description:
      name: shared_preferences_web
      sha256: c49bd060261c9a3f0ff445892695d6212ff603ef3115edbb448509d407600019
      url: "https://pub.dev"
    source: hosted
    version: "2.4.3"
  shared_preferences_windows:
    dependency: transitive
    description:
      name: shared_preferences_windows
      sha256: "94ef0f72b2d71bc3e700e025db3710911bd51a71cefb65cc609dd0d9a982e3c1"
      url: "https://pub.dev"
    source: hosted
    version: "2.4.1"
  shelf:
    dependency: transitive
    description:
      name: shelf
      sha256: e7dd780a7ffb623c57850b33f43309312fc863fb6aa3d276a754bb299839ef12
      url: "https://pub.dev"
    source: hosted
    version: "1.4.2"
  shelf_packages_handler:
    dependency: transitive
    description:
      name: shelf_packages_handler
      sha256: "89f967eca29607c933ba9571d838be31d67f53f6e4ee15147d5dc2934fee1b1e"
      url: "https://pub.dev"
    source: hosted
    version: "3.0.2"
  shelf_static:
    dependency: transitive
    description:
      name: shelf_static
      sha256: c87c3875f91262785dade62d135760c2c69cb217ac759485334c5857ad89f6e3
      url: "https://pub.dev"
    source: hosted
    version: "1.1.3"
  shelf_web_socket:
    dependency: transitive
    description:
      name: shelf_web_socket
      sha256: "3632775c8e90d6c9712f883e633716432a27758216dfb61bd86a8321c0580925"
      url: "https://pub.dev"
    source: hosted
    version: "3.0.0"
  simple_secure_storage:
    dependency: transitive
    description:
      name: simple_secure_storage
      sha256: ca823a355bb7bb0e9b969876508e7d3a5dc0d1fb2dcb681c85b6e315f1e876e9
      url: "https://pub.dev"
    source: hosted
    version: "0.3.7"
  simple_secure_storage_android:
    dependency: transitive
    description:
      name: simple_secure_storage_android
      sha256: "50fb27267755843af039da116d0e545f313ae329ef8838101880802259e0f741"
      url: "https://pub.dev"
    source: hosted
    version: "0.3.1"
  simple_secure_storage_darwin:
    dependency: transitive
    description:
      name: simple_secure_storage_darwin
      sha256: "8bd2ffcc62b478957ce20046bb96618b91a11e74af5d9fe2b4b229117bad18a7"
      url: "https://pub.dev"
    source: hosted
    version: "0.2.2"
  simple_secure_storage_linux:
    dependency: transitive
    description:
      name: simple_secure_storage_linux
      sha256: a7b7dccfaf496c27f882c26634ac083f2f545c0a4ca0818534c6261205a83686
      url: "https://pub.dev"
    source: hosted
    version: "0.2.5"
  simple_secure_storage_platform_interface:
    dependency: transitive
    description:
      name: simple_secure_storage_platform_interface
      sha256: "04fd4ce4c2b97c01a12eba46f51e3075a793d11f13340d06a64eb9b45a463ca5"
      url: "https://pub.dev"
    source: hosted
    version: "0.2.3"
  simple_secure_storage_web:
    dependency: transitive
    description:
      name: simple_secure_storage_web
      sha256: "63a3474a9931ab2587e01d22e7e95c0b7cc31338c0fafed5db9d1d798d1d3e0e"
      url: "https://pub.dev"
    source: hosted
    version: "0.2.3"
  simple_secure_storage_windows:
    dependency: transitive
    description:
      name: simple_secure_storage_windows
      sha256: cf31d2a97c26cf854aeb3c9774cd253f6600fb3fdfc6d807d480afae678cef10
      url: "https://pub.dev"
    source: hosted
    version: "0.3.2"
  sky_engine:
    dependency: transitive
    description: flutter
    source: sdk
    version: "0.0.0"
  solid_auth:
    dependency: transitive
    description:
      path: "."
      ref: "feat/dpop-worker-thread-support"
      resolved-ref: a0b52c9d4244f2b0a409af6eeaed6ac425457151
      url: "https://github.com/kkalass/solid_auth.git"
    source: git
    version: "0.2.0-dev.1"
  source_gen:
    dependency: transitive
    description:
      name: source_gen
      sha256: "1d562a3c1f713904ebbed50d2760217fd8a51ca170ac4b05b0db490699dbac17"
      url: "https://pub.dev"
    source: hosted
    version: "4.2.0"
  source_map_stack_trace:
    dependency: transitive
    description:
      name: source_map_stack_trace
      sha256: c0713a43e323c3302c2abe2a1cc89aa057a387101ebd280371d6a6c9fa68516b
      url: "https://pub.dev"
    source: hosted
    version: "2.1.2"
  source_maps:
    dependency: transitive
    description:
      name: source_maps
      sha256: "190222579a448b03896e0ca6eca5998fa810fda630c1d65e2f78b3f638f54812"
      url: "https://pub.dev"
    source: hosted
    version: "0.10.13"
  source_span:
    dependency: transitive
    description:
      name: source_span
      sha256: "56a02f1f4cd1a2d96303c0144c93bd6d909eea6bee6bf5a0e0b685edbd4c47ab"
      url: "https://pub.dev"
    source: hosted
    version: "1.10.2"
  sqlite3:
    dependency: transitive
    description:
      name: sqlite3
      sha256: "3145bd74dcdb4fd6f5c6dda4d4e4490a8087d7f286a14dee5d37087290f0f8a2"
      url: "https://pub.dev"
    source: hosted
    version: "2.9.4"
  sqlite3_flutter_libs:
    dependency: transitive
    description:
      name: sqlite3_flutter_libs
      sha256: "1e800ebe7f85a80a66adacaa6febe4d5f4d8b75f244e9838a27cb2ffc7aec08d"
      url: "https://pub.dev"
    source: hosted
    version: "0.5.41"
  sqlparser:
    dependency: transitive
    description:
      name: sqlparser
      sha256: "337e9997f7141ffdd054259128553c348635fa318f7ca492f07a4ab76f850d19"
      url: "https://pub.dev"
    source: hosted
    version: "0.43.1"
  stack_trace:
    dependency: transitive
    description:
      name: stack_trace
      sha256: "8b27215b45d22309b5cddda1aa2b19bdfec9df0e765f2de506401c071d38d1b1"
      url: "https://pub.dev"
    source: hosted
    version: "1.12.1"
  stream_channel:
    dependency: transitive
    description:
      name: stream_channel
      sha256: "969e04c80b8bcdf826f8f16579c7b14d780458bd97f56d107d3950fdbeef059d"
      url: "https://pub.dev"
    source: hosted
    version: "2.1.4"
  stream_transform:
    dependency: transitive
    description:
      name: stream_transform
      sha256: ad47125e588cfd37a9a7f86c7d6356dde8dfe89d071d293f80ca9e9273a33871
      url: "https://pub.dev"
    source: hosted
    version: "2.1.1"
  string_scanner:
    dependency: transitive
    description:
      name: string_scanner
      sha256: "921cd31725b72fe181906c6a94d987c78e3b98c2e205b397ea399d4054872b43"
      url: "https://pub.dev"
    source: hosted
    version: "1.4.1"
  synchronized:
    dependency: transitive
    description:
      name: synchronized
      sha256: c254ade258ec8282947a0acbbc90b9575b4f19673533ee46f2f6e9b3aeefd7c0
      url: "https://pub.dev"
    source: hosted
    version: "3.4.0"
  term_glyph:
    dependency: transitive
    description:
      name: term_glyph
      sha256: "7f554798625ea768a7518313e58f83891c7f5024f88e46e7182a4558850a4b8e"
      url: "https://pub.dev"
    source: hosted
    version: "1.2.2"
  test:
    dependency: transitive
    description:
      name: test
      sha256: "54c516bbb7cee2754d327ad4fca637f78abfc3cbcc5ace83b3eda117e42cd71a"
      url: "https://pub.dev"
    source: hosted
    version: "1.29.0"
  test_api:
    dependency: transitive
    description:
      name: test_api
      sha256: "93167629bfc610f71560ab9312acdda4959de4df6fac7492c89ff0d3886f6636"
      url: "https://pub.dev"
    source: hosted
    version: "0.7.9"
  test_core:
    dependency: transitive
    description:
      name: test_core
      sha256: "394f07d21f0f2255ec9e3989f21e54d3c7dc0e6e9dbce160e5a9c1a6be0e2943"
      url: "https://pub.dev"
    source: hosted
    version: "0.6.15"
  typed_data:
    dependency: transitive
    description:
      name: typed_data
      sha256: f9049c039ebfeb4cf7a7104a675823cd72dba8297f264b6637062516699fa006
      url: "https://pub.dev"
    source: hosted
    version: "1.4.0"
  url_launcher:
    dependency: transitive
    description:
      name: url_launcher
      sha256: f6a7e5c4835bb4e3026a04793a4199ca2d14c739ec378fdfe23fc8075d0439f8
      url: "https://pub.dev"
    source: hosted
    version: "6.3.2"
  url_launcher_android:
    dependency: transitive
    description:
      name: url_launcher_android
      sha256: "767344bf3063897b5cf0db830e94f904528e6dd50a6dfaf839f0abf509009611"
      url: "https://pub.dev"
    source: hosted
    version: "6.3.28"
  url_launcher_ios:
    dependency: transitive
    description:
      name: url_launcher_ios
      sha256: cfde38aa257dae62ffe79c87fab20165dfdf6988c1d31b58ebf59b9106062aad
      url: "https://pub.dev"
    source: hosted
    version: "6.3.6"
  url_launcher_linux:
    dependency: transitive
    description:
      name: url_launcher_linux
      sha256: d5e14138b3bc193a0f63c10a53c94b91d399df0512b1f29b94a043db7482384a
      url: "https://pub.dev"
    source: hosted
    version: "3.2.2"
  url_launcher_macos:
    dependency: transitive
    description:
      name: url_launcher_macos
      sha256: "368adf46f71ad3c21b8f06614adb38346f193f3a59ba8fe9a2fd74133070ba18"
      url: "https://pub.dev"
    source: hosted
    version: "3.2.5"
  url_launcher_platform_interface:
    dependency: transitive
    description:
      name: url_launcher_platform_interface
      sha256: "552f8a1e663569be95a8190206a38187b531910283c3e982193e4f2733f01029"
      url: "https://pub.dev"
    source: hosted
    version: "2.3.2"
  url_launcher_web:
    dependency: transitive
    description:
      name: url_launcher_web
      sha256: d0412fcf4c6b31ecfdb7762359b7206ffba3bbffd396c6d9f9c4616ece476c1f
      url: "https://pub.dev"
    source: hosted
    version: "2.4.2"
  url_launcher_windows:
    dependency: transitive
    description:
      name: url_launcher_windows
      sha256: "712c70ab1b99744ff066053cbe3e80c73332b38d46e5e945c98689b2e66fc15f"
      url: "https://pub.dev"
    source: hosted
    version: "3.1.5"
  uuid:
    dependency: transitive
    description:
      name: uuid
      sha256: "1fef9e8e11e2991bb773070d4656b7bd5d850967a2456cfc83cf47925ba79489"
      url: "https://pub.dev"
    source: hosted
    version: "4.5.3"
  vector_math:
    dependency: transitive
    description:
      name: vector_math
      sha256: d530bd74fea330e6e364cda7a85019c434070188383e1cd8d9777ee586914c5b
      url: "https://pub.dev"
    source: hosted
    version: "2.2.0"
  vm_service:
    dependency: transitive
    description:
      name: vm_service
      sha256: "45caa6c5917fa127b5dbcfbd1fa60b14e583afdc08bfc96dda38886ca252eb60"
      url: "https://pub.dev"
    source: hosted
    version: "15.0.2"
  watcher:
    dependency: transitive
    description:
      name: watcher
      sha256: "1398c9f081a753f9226febe8900fce8f7d0a67163334e1c94a2438339d79d635"
      url: "https://pub.dev"
    source: hosted
    version: "1.2.1"
  web:
    dependency: transitive
    description:
      name: web
      sha256: "868d88a33d8a87b18ffc05f9f030ba328ffefba92d6c127917a2ba740f9cfe4a"
      url: "https://pub.dev"
    source: hosted
    version: "1.1.1"
  web_socket:
    dependency: transitive
    description:
      name: web_socket
      sha256: "34d64019aa8e36bf9842ac014bb5d2f5586ca73df5e4d9bf5c936975cae6982c"
      url: "https://pub.dev"
    source: hosted
    version: "1.0.1"
  web_socket_channel:
    dependency: transitive
    description:
      name: web_socket_channel
      sha256: d645757fb0f4773d602444000a8131ff5d48c9e47adfe9772652dd1a4f2d45c8
      url: "https://pub.dev"
    source: hosted
    version: "3.0.3"
  webcrypto:
    dependency: transitive
    description:
      name: webcrypto
      sha256: "6b43001c4110856ff7fa5e5e65e7b2d44bec1d8b54a4d84d5fa2c7622267c5c1"
      url: "https://pub.dev"
    source: hosted
    version: "0.6.0"
  webkit_inspection_protocol:
    dependency: transitive
    description:
      name: webkit_inspection_protocol
      sha256: "87d3f2333bb240704cd3f1c6b5b7acd8a10e7f0bc28c28dcf14e782014f4a572"
      url: "https://pub.dev"
    source: hosted
    version: "1.2.1"
  win32:
    dependency: transitive
    description:
      name: win32
      sha256: d7cb55e04cd34096cd3a79b3330245f54cb96a370a1c27adb3c84b917de8b08e
      url: "https://pub.dev"
    source: hosted
    version: "5.15.0"
  window_to_front:
    dependency: transitive
    description:
      name: window_to_front
      sha256: "7aef379752b7190c10479e12b5fd7c0b9d92adc96817d9e96c59937929512aee"
      url: "https://pub.dev"
    source: hosted
    version: "0.0.3"
  x509_plus:
    dependency: transitive
    description:
      name: x509_plus
      sha256: f9f5caade6077c9a605125428d0bf79c002afa35a475d400849adb1a25ebeee6
      url: "https://pub.dev"
    source: hosted
    version: "0.3.3"
  xdg_directories:
    dependency: transitive
    description:
      name: xdg_directories
      sha256: "7a3f37b05d989967cdddcbb571f1ea834867ae2faa29725fd085180e0883aa15"
      url: "https://pub.dev"
    source: hosted
    version: "1.1.0"
  xml:
    dependency: transitive
    description:
      name: xml
      sha256: "971043b3a0d3da28727e40ed3e0b5d18b742fa5a68665cca88e74b7876d5e025"
      url: "https://pub.dev"
    source: hosted
    version: "6.6.1"
  yaml:
    dependency: transitive
    description:
      name: yaml
      sha256: b9da305ac7c39faa3f030eccd175340f968459dae4af175130b3fc47e40d76ce
      url: "https://pub.dev"
    source: hosted
    version: "3.1.3"
  yaml_edit:
    dependency: transitive
    description:
      name: yaml_edit
      sha256: ec709065bb2c911b336853b67f3732dd13e0336bd065cc2f1061d7610ddf45e3
      url: "https://pub.dev"
    source: hosted
    version: "2.2.3"
sdks:
  dart: ">=3.10.3 <4.0.0"
  flutter: ">=3.38.4"
