PODS:
  - fast_rsa (0.6.0):
    - FlutterMacOS
  - FlutterMacOS (1.0.0)
  - oidc_macos (0.0.1):
    - FlutterMacOS
  - window_to_front (0.0.1):
    - FlutterMacOS

DEPENDENCIES:
  - fast_rsa (from `Flutter/ephemeral/.symlinks/plugins/fast_rsa/macos`)
  - FlutterMacOS (from `Flutter/ephemeral`)
  - oidc_macos (from `Flutter/ephemeral/.symlinks/plugins/oidc_macos/macos`)
  - window_to_front (from `Flutter/ephemeral/.symlinks/plugins/window_to_front/macos`)

EXTERNAL SOURCES:
  fast_rsa:
    :path: Flutter/ephemeral/.symlinks/plugins/fast_rsa/macos
  FlutterMacOS:
    :path: Flutter/ephemeral
  oidc_macos:
    :path: Flutter/ephemeral/.symlinks/plugins/oidc_macos/macos
  window_to_front:
    :path: Flutter/ephemeral/.symlinks/plugins/window_to_front/macos

SPEC CHECKSUMS:
  fast_rsa: 940a67b8d8e425f37708189361efc90be7299d66
  FlutterMacOS: d0db08ddef1a9af05a5ec4b724367152bb0500b1
  oidc_macos: 3f8328ab4bb21e519483f57d459837838bc669cf
  window_to_front: 9e76fd432e36700a197dac86a0011e49c89abe0a

PODFILE CHECKSUM: 180da7a1dbc1d932db021ebc8007656e7c46dd99

COCOAPODS: 1.16.2
